
Microsoft Visual Studio Solution File, Format Version 12.00
# Visual Studio 2012
Project("{FAE04EC0-301F-11D3-BF4B-00C04F79EFBC}") = "Call by Value Reference", "Call by Value Reference\Call by Value Reference.csproj", "{B20FC4B6-81C2-422E-9EBA-97CB67A735AA}"
EndProject
Global
	GlobalSection(SolutionConfigurationPlatforms) = preSolution
		Debug|Any CPU = Debug|Any CPU
		Release|Any CPU = Release|Any CPU
	EndGlobalSection
	GlobalSection(ProjectConfigurationPlatforms) = postSolution
		{B20FC4B6-81C2-422E-9EBA-97CB67A735AA}.Debug|Any CPU.ActiveCfg = Debug|Any CPU
		{B20FC4B6-81C2-422E-9EBA-97CB67A735AA}.Debug|Any CPU.Build.0 = Debug|Any CPU
		{B20FC4B6-81C2-422E-9EBA-97CB67A735AA}.Release|Any CPU.ActiveCfg = Release|Any CPU
		{B20FC4B6-81C2-422E-9EBA-97CB67A735AA}.Release|Any CPU.Build.0 = Release|Any CPU
	EndGlobalSection
	GlobalSection(SolutionProperties) = preSolution
		HideSolutionNode = FALSE
	EndGlobalSection
EndGlobal
