
Microsoft Visual Studio Solution File, Format Version 12.00
# Visual Studio 2012
Project("{FAE04EC0-301F-11D3-BF4B-00C04F79EFBC}") = "acess specifier protect", "acess specifier protect\acess specifier protect.csproj", "{220637E8-0F61-4CD0-86E4-9C82A34683A6}"
EndProject
Global
	GlobalSection(SolutionConfigurationPlatforms) = preSolution
		Debug|Any CPU = Debug|Any CPU
		Release|Any CPU = Release|Any CPU
	EndGlobalSection
	GlobalSection(ProjectConfigurationPlatforms) = postSolution
		{220637E8-0F61-4CD0-86E4-9C82A34683A6}.Debug|Any CPU.ActiveCfg = Debug|Any CPU
		{220637E8-0F61-4CD0-86E4-9C82A34683A6}.Debug|Any CPU.Build.0 = Debug|Any CPU
		{220637E8-0F61-4CD0-86E4-9C82A34683A6}.Release|Any CPU.ActiveCfg = Release|Any CPU
		{220637E8-0F61-4CD0-86E4-9C82A34683A6}.Release|Any CPU.Build.0 = Release|Any CPU
	EndGlobalSection
	GlobalSection(SolutionProperties) = preSolution
		HideSolutionNode = FALSE
	EndGlobalSection
EndGlobal
